
Microsoft Visual Studio Solution File, Format Version 12.00
# Visual Studio 15
VisualStudioVersion = 15.0.28307.329
MinimumVisualStudioVersion = 10.0.40219.1
Project("{FAE04EC0-301F-11D3-BF4B-00C04F79EFBC}") = "Vent Control", "Vent Control\Vent Control.csproj", "{1798E8AE-101D-4524-8250-C5AFB4A94DAA}"
EndProject
Global
	GlobalSection(SolutionConfigurationPlatforms) = preSolution
		Debug|Any CPU = Debug|Any CPU
		Release|Any CPU = Release|Any CPU
	EndGlobalSection
	GlobalSection(ProjectConfigurationPlatforms) = postSolution
		{1798E8AE-101D-4524-8250-C5AFB4A94DAA}.Debug|Any CPU.ActiveCfg = Debug|Any CPU
		{1798E8AE-101D-4524-8250-C5AFB4A94DAA}.Debug|Any CPU.Build.0 = Debug|Any CPU
		{1798E8AE-101D-4524-8250-C5AFB4A94DAA}.Release|Any CPU.ActiveCfg = Release|Any CPU
		{1798E8AE-101D-4524-8250-C5AFB4A94DAA}.Release|Any CPU.Build.0 = Release|Any CPU
	EndGlobalSection
	GlobalSection(SolutionProperties) = preSolution
		HideSolutionNode = FALSE
	EndGlobalSection
	GlobalSection(ExtensibilityGlobals) = postSolution
		SolutionGuid = {1747544E-7BDE-4164-B4C8-2755905224D1}
	EndGlobalSection
EndGlobal
